// !$*UTF8*$!
{
	archiveVersion = 1;
	classes = {
	};
	objectVersion = 50;
	objects = {

/* Begin PBXBuildFile section */
		DD2941DC2521DF8400128BDA /* AppDelegate.swift in Sources */ = {isa = PBXBuildFile; fileRef = DD2941DB2521DF8400128BDA /* AppDelegate.swift */; };
		DD2941DE2521DF8400128BDA /* SceneDelegate.swift in Sources */ = {isa = PBXBuildFile; fileRef = DD2941DD2521DF8400128BDA /* SceneDelegate.swift */; };
		DD2941E02521DF8400128BDA /* ViewController.swift in Sources */ = {isa = PBXBuildFile; fileRef = DD2941DF2521DF8400128BDA /* ViewController.swift */; };
		DD2941E32521DF8400128BDA /* Main.storyboard in Resources */ = {isa = PBXBuildFile; fileRef = DD2941E12521DF8400128BDA /* Main.storyboard */; };
		DD2941E52521DF8800128BDA /* Assets.xcassets in Resources */ = {isa = PBXBuildFile; fileRef = DD2941E42521DF8800128BDA /* Assets.xcassets */; };
		DD2941E82521DF8800128BDA /* LaunchScreen.storyboard in Resources */ = {isa = PBXBuildFile; fileRef = DD2941E62521DF8800128BDA /* LaunchScreen.storyboard */; };
		DD2941F32521DF8800128BDA /* FlixTests.swift in Sources */ = {isa = PBXBuildFile; fileRef = DD2941F22521DF8800128BDA /* FlixTests.swift */; };
		DD2941FE2521DF8900128BDA /* FlixUITests.swift in Sources */ = {isa = PBXBuildFile; fileRef = DD2941FD2521DF8900128BDA /* FlixUITests.swift */; };
/* End PBXBuildFile section */

/* Begin PBXContainerItemProxy section */
		DD2941EF2521DF8800128BDA /* PBXContainerItemProxy */ = {
			isa = PBXContainerItemProxy;
			containerPortal = DD2941D02521DF8400128BDA /* Project object */;
			proxyType = 1;
			remoteGlobalIDString = DD2941D72521DF8400128BDA;
			remoteInfo = Flix;
		};
		DD2941FA2521DF8900128BDA /* PBXContainerItemProxy */ = {
			isa = PBXContainerItemProxy;
			containerPortal = DD2941D02521DF8400128BDA /* Project object */;
			proxyType = 1;
			remoteGlobalIDString = DD2941D72521DF8400128BDA;
			remoteInfo = Flix;
		};
/* End PBXContainerItemProxy section */

/* Begin PBXFileReference section */
		DD2941D82521DF8400128BDA /* Flix.app */ = {isa = PBXFileReference; explicitFileType = wrapper.application; includeInIndex = 0; path = Flix.app; sourceTree = BUILT_PRODUCTS_DIR; };
		DD2941DB2521DF8400128BDA /* AppDelegate.swift */ = {isa = PBXFileReference; lastKnownFileType = sourcecode.swift; path = AppDelegate.swift; sourceTree = "<group>"; };
		DD2941DD2521DF8400128BDA /* SceneDelegate.swift */ = {isa = PBXFileReference; lastKnownFileType = sourcecode.swift; path = SceneDelegate.swift; sourceTree = "<group>"; };
		DD2941DF2521DF8400128BDA /* ViewController.swift */ = {isa = PBXFileReference; lastKnownFileType = sourcecode.swift; path = ViewController.swift; sourceTree = "<group>"; };
		DD2941E22521DF8400128BDA /* Base */ = {isa = PBXFileReference; lastKnownFileType = file.storyboard; name = Base; path = Base.lproj/Main.storyboard; sourceTree = "<group>"; };
		DD2941E42521DF8800128BDA /* Assets.xcassets */ = {isa = PBXFileReference; lastKnownFileType = folder.assetcatalog; path = Assets.xcassets; sourceTree = "<group>"; };
		DD2941E72521DF8800128BDA /* Base */ = {isa = PBXFileReference; lastKnownFileType = file.storyboard; name = Base; path = Base.lproj/LaunchScreen.storyboard; sourceTree = "<group>"; };
		DD2941E92521DF8800128BDA /* Info.plist */ = {isa = PBXFileReference; lastKnownFileType = text.plist.xml; path = Info.plist; sourceTree = "<group>"; };
		DD2941EE2521DF8800128BDA /* FlixTests.xctest */ = {isa = PBXFileReference; explicitFileType = wrapper.cfbundle; includeInIndex = 0; path = FlixTests.xctest; sourceTree = BUILT_PRODUCTS_DIR; };
		DD2941F22521DF8800128BDA /* FlixTests.swift */ = {isa = PBXFileReference; lastKnownFileType = sourcecode.swift; path = FlixTests.swift; sourceTree = "<group>"; };
		DD2941F42521DF8900128BDA /* Info.plist */ = {isa = PBXFileReference; lastKnownFileType = text.plist.xml; path = Info.plist; sourceTree = "<group>"; };
		DD2941F92521DF8900128BDA /* FlixUITests.xctest */ = {isa = PBXFileReference; explicitFileType = wrapper.cfbundle; includeInIndex = 0; path = FlixUITests.xctest; sourceTree = BUILT_PRODUCTS_DIR; };
		DD2941FD2521DF8900128BDA /* FlixUITests.swift */ = {isa = PBXFileReference; lastKnownFileType = sourcecode.swift; path = FlixUITests.swift; sourceTree = "<group>"; };
		DD2941FF2521DF8900128BDA /* Info.plist */ = {isa = PBXFileReference; lastKnownFileType = text.plist.xml; path = Info.plist; sourceTree = "<group>"; };
/* End PBXFileReference section */

/* Begin PBXFrameworksBuildPhase section */
		DD2941D52521DF8400128BDA /* Frameworks */ = {
			isa = PBXFrameworksBuildPhase;
			buildActionMask = 2147483647;
			files = (
			);
			runOnlyForDeploymentPostprocessing = 0;
		};
		DD2941EB2521DF8800128BDA /* Frameworks */ = {
			isa = PBXFrameworksBuildPhase;
			buildActionMask = 2147483647;
			files = (
			);
			runOnlyForDeploymentPostprocessing = 0;
		};
		DD2941F62521DF8900128BDA /* Frameworks */ = {
			isa = PBXFrameworksBuildPhase;
			buildActionMask = 2147483647;
			files = (
			);
			runOnlyForDeploymentPostprocessing = 0;
		};
/* End PBXFrameworksBuildPhase section */

/* Begin PBXGroup section */
		DD2941CF2521DF8400128BDA = {
			isa = PBXGroup;
			children = (
				DD2941DA2521DF8400128BDA /* Flix */,
				DD2941F12521DF8800128BDA /* FlixTests */,
				DD2941FC2521DF8900128BDA /* FlixUITests */,
				DD2941D92521DF8400128BDA /* Products */,
			);
			sourceTree = "<group>";
		};
		DD2941D92521DF8400128BDA /* Products */ = {
			isa = PBXGroup;
			children = (
				DD2941D82521DF8400128BDA /* Flix.app */,
				DD2941EE2521DF8800128BDA /* FlixTests.xctest */,
				DD2941F92521DF8900128BDA /* FlixUITests.xctest */,
			);
			name = Products;
			sourceTree = "<group>";
		};
		DD2941DA2521DF8400128BDA /* Flix */ = {
			isa = PBXGroup;
			children = (
				DD2941DB2521DF8400128BDA /* AppDelegate.swift */,
				DD2941DD2521DF8400128BDA /* SceneDelegate.swift */,
				DD2941DF2521DF8400128BDA /* ViewController.swift */,
				DD2941E12521DF8400128BDA /* Main.storyboard */,
				DD2941E42521DF8800128BDA /* Assets.xcassets */,
				DD2941E62521DF8800128BDA /* LaunchScreen.storyboard */,
				DD2941E92521DF8800128BDA /* Info.plist */,
			);
			path = Flix;
			sourceTree = "<group>";
		};
		DD2941F12521DF8800128BDA /* FlixTests */ = {
			isa = PBXGroup;
			children = (
				DD2941F22521DF8800128BDA /* FlixTests.swift */,
				DD2941F42521DF8900128BDA /* Info.plist */,
			);
			path = FlixTests;
			sourceTree = "<group>";
		};
		DD2941FC2521DF8900128BDA /* FlixUITests */ = {
			isa = PBXGroup;
			children = (
				DD2941FD2521DF8900128BDA /* FlixUITests.swift */,
				DD2941FF2521DF8900128BDA /* Info.plist */,
			);
			path = FlixUITests;
			sourceTree = "<group>";
		};
/* End PBXGroup section */

/* Begin PBXNativeTarget section */
		DD2941D72521DF8400128BDA /* Flix */ = {
			isa = PBXNativeTarget;
			buildConfigurationList = DD2942022521DF8900128BDA /* Build configuration list for PBXNativeTarget "Flix" */;
			buildPhases = (
				DD2941D42521DF8400128BDA /* Sources */,
				DD2941D52521DF8400128BDA /* Frameworks */,
				DD2941D62521DF8400128BDA /* Resources */,
			);
			buildRules = (
			);
			dependencies = (
			);
			name = Flix;
			productName = Flix;
			productReference = DD2941D82521DF8400128BDA /* Flix.app */;
			productType = "com.apple.product-type.application";
		};
		DD2941ED2521DF8800128BDA /* FlixTests */ = {
			isa = PBXNativeTarget;
			buildConfigurationList = DD2942052521DF8900128BDA /* Build configuration list for PBXNativeTarget "FlixTests" */;
			buildPhases = (
				DD2941EA2521DF8800128BDA /* Sources */,
				DD2941EB2521DF8800128BDA /* Frameworks */,
				DD2941EC2521DF8800128BDA /* Resources */,
			);
			buildRules = (
			);
			dependencies = (
				DD2941F02521DF8800128BDA /* PBXTargetDependency */,
			);
			name = FlixTests;
			productName = FlixTests;
			productReference = DD2941EE2521DF8800128BDA /* FlixTests.xctest */;
			productType = "com.apple.product-type.bundle.unit-test";
		};
		DD2941F82521DF8900128BDA /* FlixUITests */ = {
			isa = PBXNativeTarget;
			buildConfigurationList = DD2942082521DF8900128BDA /* Build configuration list for PBXNativeTarget "FlixUITests" */;
			buildPhases = (
				DD2941F52521DF8900128BDA /* Sources */,
				DD2941F62521DF8900128BDA /* Frameworks */,
				DD2941F72521DF8900128BDA /* Resources */,
			);
			buildRules = (
			);
			dependencies = (
				DD2941FB2521DF8900128BDA /* PBXTargetDependency */,
			);
			name = FlixUITests;
			productName = FlixUITests;
			productReference = DD2941F92521DF8900128BDA /* FlixUITests.xctest */;
			productType = "com.apple.product-type.bundle.ui-testing";
		};
/* End PBXNativeTarget section */

/* Begin PBXProject section */
		DD2941D02521DF8400128BDA /* Project object */ = {
			isa = PBXProject;
			attributes = {
				LastSwiftUpdateCheck = 1200;
				LastUpgradeCheck = 1200;
				TargetAttributes = {
					DD2941D72521DF8400128BDA = {
						CreatedOnToolsVersion = 12.0;
					};
					DD2941ED2521DF8800128BDA = {
						CreatedOnToolsVersion = 12.0;
						TestTargetID = DD2941D72521DF8400128BDA;
					};
					DD2941F82521DF8900128BDA = {
						CreatedOnToolsVersion = 12.0;
						TestTargetID = DD2941D72521DF8400128BDA;
					};
				};
			};
			buildConfigurationList = DD2941D32521DF8400128BDA /* Build configuration list for PBXProject "Flix" */;
			compatibilityVersion = "Xcode 9.3";
			developmentRegion = en;
			hasScannedForEncodings = 0;
			knownRegions = (
				en,
				Base,
			);
			mainGroup = DD2941CF2521DF8400128BDA;
			productRefGroup = DD2941D92521DF8400128BDA /* Products */;
			projectDirPath = "";
			projectRoot = "";
			targets = (
				DD2941D72521DF8400128BDA /* Flix */,
				DD2941ED2521DF8800128BDA /* FlixTests */,
				DD2941F82521DF8900128BDA /* FlixUITests */,
			);
		};
/* End PBXProject section */

/* Begin PBXResourcesBuildPhase section */
		DD2941D62521DF8400128BDA /* Resources */ = {
			isa = PBXResourcesBuildPhase;
			buildActionMask = 2147483647;
			files = (
				DD2941E82521DF8800128BDA /* LaunchScreen.storyboard in Resources */,
				DD2941E52521DF8800128BDA /* Assets.xcassets in Resources */,
				DD2941E32521DF8400128BDA /* Main.storyboard in Resources */,
			);
			runOnlyForDeploymentPostprocessing = 0;
		};
		DD2941EC2521DF8800128BDA /* Resources */ = {
			isa = PBXResourcesBuildPhase;
			buildActionMask = 2147483647;
			files = (
			);
			runOnlyForDeploymentPostprocessing = 0;
		};
		DD2941F72521DF8900128BDA /* Resources */ = {
			isa = PBXResourcesBuildPhase;
			buildActionMask = 2147483647;
			files = (
			);
			runOnlyForDeploymentPostprocessing = 0;
		};
/* End PBXResourcesBuildPhase section */

/* Begin PBXSourcesBuildPhase section */
		DD2941D42521DF8400128BDA /* Sources */ = {
			isa = PBXSourcesBuildPhase;
			buildActionMask = 2147483647;
			files = (
				DD2941E02521DF8400128BDA /* ViewController.swift in Sources */,
				DD2941DC2521DF8400128BDA /* AppDelegate.swift in Sources */,
				DD2941DE2521DF8400128BDA /* SceneDelegate.swift in Sources */,
			);
			runOnlyForDeploymentPostprocessing = 0;
		};
		DD2941EA2521DF8800128BDA /* Sources */ = {
			isa = PBXSourcesBuildPhase;
			buildActionMask = 2147483647;
			files = (
				DD2941F32521DF8800128BDA /* FlixTests.swift in Sources */,
			);
			runOnlyForDeploymentPostprocessing = 0;
		};
		DD2941F52521DF8900128BDA /* Sources */ = {
			isa = PBXSourcesBuildPhase;
			buildActionMask = 2147483647;
			files = (
				DD2941FE2521DF8900128BDA /* FlixUITests.swift in Sources */,
			);
			runOnlyForDeploymentPostprocessing = 0;
		};
/* End PBXSourcesBuildPhase section */

/* Begin PBXTargetDependency section */
		DD2941F02521DF8800128BDA /* PBXTargetDependency */ = {
			isa = PBXTargetDependency;
			target = DD2941D72521DF8400128BDA /* Flix */;
			targetProxy = DD2941EF2521DF8800128BDA /* PBXContainerItemProxy */;
		};
		DD2941FB2521DF8900128BDA /* PBXTargetDependency */ = {
			isa = PBXTargetDependency;
			target = DD2941D72521DF8400128BDA /* Flix */;
			targetProxy = DD2941FA2521DF8900128BDA /* PBXContainerItemProxy */;
		};
/* End PBXTargetDependency section */

/* Begin PBXVariantGroup section */
		DD2941E12521DF8400128BDA /* Main.storyboard */ = {
			isa = PBXVariantGroup;
			children = (
				DD2941E22521DF8400128BDA /* Base */,
			);
			name = Main.storyboard;
			sourceTree = "<group>";
		};
		DD2941E62521DF8800128BDA /* LaunchScreen.storyboard */ = {
			isa = PBXVariantGroup;
			children = (
				DD2941E72521DF8800128BDA /* Base */,
			);
			name = LaunchScreen.storyboard;
			sourceTree = "<group>";
		};
/* End PBXVariantGroup section */

/* Begin XCBuildConfiguration section */
		DD2942002521DF8900128BDA /* Debug */ = {
			isa = XCBuildConfiguration;
			buildSettings = {
				ALWAYS_SEARCH_USER_PATHS = NO;
				CLANG_ANALYZER_NONNULL = YES;
				CLANG_ANALYZER_NUMBER_OBJECT_CONVERSION = YES_AGGRESSIVE;
				CLANG_CXX_LANGUAGE_STANDARD = "gnu++14";
				CLANG_CXX_LIBRARY = "libc++";
				CLANG_ENABLE_MODULES = YES;
				CLANG_ENABLE_OBJC_ARC = YES;
				CLANG_ENABLE_OBJC_WEAK = YES;
				CLANG_WARN_BLOCK_CAPTURE_AUTORELEASING = YES;
				CLANG_WARN_BOOL_CONVERSION = YES;
				CLANG_WARN_COMMA = YES;
				CLANG_WARN_CONSTANT_CONVERSION = YES;
				CLANG_WARN_DEPRECATED_OBJC_IMPLEMENTATIONS = YES;
				CLANG_WARN_DIRECT_OBJC_ISA_USAGE = YES_ERROR;
				CLANG_WARN_DOCUMENTATION_COMMENTS = YES;
				CLANG_WARN_EMPTY_BODY = YES;
				CLANG_WARN_ENUM_CONVERSION = YES;
				CLANG_WARN_INFINITE_RECURSION = YES;
				CLANG_WARN_INT_CONVERSION = YES;
				CLANG_WARN_NON_LITERAL_NULL_CONVERSION = YES;
				CLANG_WARN_OBJC_IMPLICIT_RETAIN_SELF = YES;
				CLANG_WARN_OBJC_LITERAL_CONVERSION = YES;
				CLANG_WARN_OBJC_ROOT_CLASS = YES_ERROR;
				CLANG_WARN_QUOTED_INCLUDE_IN_FRAMEWORK_HEADER = YES;
				CLANG_WARN_RANGE_LOOP_ANALYSIS = YES;
				CLANG_WARN_STRICT_PROTOTYPES = YES;
				CLANG_WARN_SUSPICIOUS_MOVE = YES;
				CLANG_WARN_UNGUARDED_AVAILABILITY = YES_AGGRESSIVE;
				CLANG_WARN_UNREACHABLE_CODE = YES;
				CLANG_WARN__DUPLICATE_METHOD_MATCH = YES;
				COPY_PHASE_STRIP = NO;
				DEBUG_INFORMATION_FORMAT = dwarf;
				ENABLE_STRICT_OBJC_MSGSEND = YES;
				ENABLE_TESTABILITY = YES;
				GCC_C_LANGUAGE_STANDARD = gnu11;
				GCC_DYNAMIC_NO_PIC = NO;
				GCC_NO_COMMON_BLOCKS = YES;
				GCC_OPTIMIZATION_LEVEL = 0;
				GCC_PREPROCESSOR_DEFINITIONS = (
					"DEBUG=1",
					"$(inherited)",
				);
				GCC_WARN_64_TO_32_BIT_CONVERSION = YES;
				GCC_WARN_ABOUT_RETURN_TYPE = YES_ERROR;
				GCC_WARN_UNDECLARED_SELECTOR = YES;
				GCC_WARN_UNINITIALIZED_AUTOS = YES_AGGRESSIVE;
				GCC_WARN_UNUSED_FUNCTION = YES;
				GCC_WARN_UNUSED_VARIABLE = YES;
				IPHONEOS_DEPLOYMENT_TARGET = 14.0;
				MTL_ENABLE_DEBUG_INFO = INCLUDE_SOURCE;
				MTL_FAST_MATH = YES;
				ONLY_ACTIVE_ARCH = YES;
				SDKROOT = iphoneos;
				SWIFT_ACTIVE_COMPILATION_CONDITIONS = DEBUG;
				SWIFT_OPTIMIZATION_LEVEL = "-Onone";
			};
			name = Debug;
		};
		DD2942012521DF8900128BDA /* Release */ = {
			isa = XCBuildConfiguration;
			buildSettings = {
				ALWAYS_SEARCH_USER_PATHS = NO;
				CLANG_ANALYZER_NONNULL = YES;
				CLANG_ANALYZER_NUMBER_OBJECT_CONVERSION = YES_AGGRESSIVE;
				CLANG_CXX_LANGUAGE_STANDARD = "gnu++14";
				CLANG_CXX_LIBRARY = "libc++";
				CLANG_ENABLE_MODULES = YES;
				CLANG_ENABLE_OBJC_ARC = YES;
				CLANG_ENABLE_OBJC_WEAK = YES;
				CLANG_WARN_BLOCK_CAPTURE_AUTORELEASING = YES;
				CLANG_WARN_BOOL_CONVERSION = YES;
				CLANG_WARN_COMMA = YES;
				CLANG_WARN_CONSTANT_CONVERSION = YES;
				CLANG_WARN_DEPRECATED_OBJC_IMPLEMENTATIONS = YES;
				CLANG_WARN_DIRECT_OBJC_ISA_USAGE = YES_ERROR;
				CLANG_WARN_DOCUMENTATION_COMMENTS = YES;
				CLANG_WARN_EMPTY_BODY = YES;
				CLANG_WARN_ENUM_CONVERSION = YES;
				CLANG_WARN_INFINITE_RECURSION = YES;
				CLANG_WARN_INT_CONVERSION = YES;
				CLANG_WARN_NON_LITERAL_NULL_CONVERSION = YES;
				CLANG_WARN_OBJC_IMPLICIT_RETAIN_SELF = YES;
				CLANG_WARN_OBJC_LITERAL_CONVERSION = YES;
				CLANG_WARN_OBJC_ROOT_CLASS = YES_ERROR;
				CLANG_WARN_QUOTED_INCLUDE_IN_FRAMEWORK_HEADER = YES;
				CLANG_WARN_RANGE_LOOP_ANALYSIS = YES;
				CLANG_WARN_STRICT_PROTOTYPES = YES;
				CLANG_WARN_SUSPICIOUS_MOVE = YES;
				CLANG_WARN_UNGUARDED_AVAILABILITY = YES_AGGRESSIVE;
				CLANG_WARN_UNREACHABLE_CODE = YES;
				CLANG_WARN__DUPLICATE_METHOD_MATCH = YES;
				COPY_PHASE_STRIP = NO;
				DEBUG_INFORMATION_FORMAT = "dwarf-with-dsym";
				ENABLE_NS_ASSERTIONS = NO;
				ENABLE_STRICT_OBJC_MSGSEND = YES;
				GCC_C_LANGUAGE_STANDARD = gnu11;
				GCC_NO_COMMON_BLOCKS = YES;
				GCC_WARN_64_TO_32_BIT_CONVERSION = YES;
				GCC_WARN_ABOUT_RETURN_TYPE = YES_ERROR;
				GCC_WARN_UNDECLARED_SELECTOR = YES;
				GCC_WARN_UNINITIALIZED_AUTOS = YES_AGGRESSIVE;
				GCC_WARN_UNUSED_FUNCTION = YES;
				GCC_WARN_UNUSED_VARIABLE = YES;
				IPHONEOS_DEPLOYMENT_TARGET = 14.0;
				MTL_ENABLE_DEBUG_INFO = NO;
				MTL_FAST_MATH = YES;
				SDKROOT = iphoneos;
				SWIFT_COMPILATION_MODE = wholemodule;
				SWIFT_OPTIMIZATION_LEVEL = "-O";
				VALIDATE_PRODUCT = YES;
			};
			name = Release;
		};
		DD2942032521DF8900128BDA /* Debug */ = {
			isa = XCBuildConfiguration;
			buildSettings = {
				ASSETCATALOG_COMPILER_APPICON_NAME = AppIcon;
				ASSETCATALOG_COMPILER_GLOBAL_ACCENT_COLOR_NAME = AccentColor;
				CODE_SIGN_STYLE = Automatic;
				DEVELOPMENT_TEAM = J4D6JJ85VU;
				INFOPLIST_FILE = Flix/Info.plist;
				LD_RUNPATH_SEARCH_PATHS = (
					"$(inherited)",
					"@executable_path/Frameworks",
				);
				PRODUCT_BUNDLE_IDENTIFIER = Delfuoco.Codepath.Flix;
				PRODUCT_NAME = "$(TARGET_NAME)";
				SWIFT_VERSION = 5.0;
				TARGETED_DEVICE_FAMILY = "1,2";
			};
			name = Debug;
		};
		DD2942042521DF8900128BDA /* Release */ = {
			isa = XCBuildConfiguration;
			buildSettings = {
				ASSETCATALOG_COMPILER_APPICON_NAME = AppIcon;
				ASSETCATALOG_COMPILER_GLOBAL_ACCENT_COLOR_NAME = AccentColor;
				CODE_SIGN_STYLE = Automatic;
				DEVELOPMENT_TEAM = J4D6JJ85VU;
				INFOPLIST_FILE = Flix/Info.plist;
				LD_RUNPATH_SEARCH_PATHS = (
					"$(inherited)",
					"@executable_path/Frameworks",
				);
				PRODUCT_BUNDLE_IDENTIFIER = Delfuoco.Codepath.Flix;
				PRODUCT_NAME = "$(TARGET_NAME)";
				SWIFT_VERSION = 5.0;
				TARGETED_DEVICE_FAMILY = "1,2";
			};
			name = Release;
		};
		DD2942062521DF8900128BDA /* Debug */ = {
			isa = XCBuildConfiguration;
			buildSettings = {
				ALWAYS_EMBED_SWIFT_STANDARD_LIBRARIES = YES;
				BUNDLE_LOADER = "$(TEST_HOST)";
				CODE_SIGN_STYLE = Automatic;
				DEVELOPMENT_TEAM = J4D6JJ85VU;
				INFOPLIST_FILE = FlixTests/Info.plist;
				IPHONEOS_DEPLOYMENT_TARGET = 14.0;
				LD_RUNPATH_SEARCH_PATHS = (
					"$(inherited)",
					"@executable_path/Frameworks",
					"@loader_path/Frameworks",
				);
				PRODUCT_BUNDLE_IDENTIFIER = Codepath.FlixTests;
				PRODUCT_NAME = "$(TARGET_NAME)";
				SWIFT_VERSION = 5.0;
				TARGETED_DEVICE_FAMILY = "1,2";
				TEST_HOST = "$(BUILT_PRODUCTS_DIR)/Flix.app/Flix";
			};
			name = Debug;
		};
		DD2942072521DF8900128BDA /* Release */ = {
			isa = XCBuildConfiguration;
			buildSettings = {
				ALWAYS_EMBED_SWIFT_STANDARD_LIBRARIES = YES;
				BUNDLE_LOADER = "$(TEST_HOST)";
				CODE_SIGN_STYLE = Automatic;
				DEVELOPMENT_TEAM = J4D6JJ85VU;
				INFOPLIST_FILE = FlixTests/Info.plist;
				IPHONEOS_DEPLOYMENT_TARGET = 14.0;
				LD_RUNPATH_SEARCH_PATHS = (
					"$(inherited)",
					"@executable_path/Frameworks",
					"@loader_path/Frameworks",
				);
				PRODUCT_BUNDLE_IDENTIFIER = Codepath.FlixTests;
				PRODUCT_NAME = "$(TARGET_NAME)";
				SWIFT_VERSION = 5.0;
				TARGETED_DEVICE_FAMILY = "1,2";
				TEST_HOST = "$(BUILT_PRODUCTS_DIR)/Flix.app/Flix";
			};
			name = Release;
		};
		DD2942092521DF8900128BDA /* Debug */ = {
			isa = XCBuildConfiguration;
			buildSettings = {
				ALWAYS_EMBED_SWIFT_STANDARD_LIBRARIES = YES;
				CODE_SIGN_STYLE = Automatic;
				DEVELOPMENT_TEAM = J4D6JJ85VU;
				INFOPLIST_FILE = FlixUITests/Info.plist;
				LD_RUNPATH_SEARCH_PATHS = (
					"$(inherited)",
					"@executable_path/Frameworks",
					"@loader_path/Frameworks",
				);
				PRODUCT_BUNDLE_IDENTIFIER = Codepath.FlixUITests;
				PRODUCT_NAME = "$(TARGET_NAME)";
				SWIFT_VERSION = 5.0;
				TARGETED_DEVICE_FAMILY = "1,2";
				TEST_TARGET_NAME = Flix;
			};
			name = Debug;
		};
		DD29420A2521DF8900128BDA /* Release */ = {
			isa = XCBuildConfiguration;
			buildSettings = {
				ALWAYS_EMBED_SWIFT_STANDARD_LIBRARIES = YES;
				CODE_SIGN_STYLE = Automatic;
				DEVELOPMENT_TEAM = J4D6JJ85VU;
				INFOPLIST_FILE = FlixUITests/Info.plist;
				LD_RUNPATH_SEARCH_PATHS = (
					"$(inherited)",
					"@executable_path/Frameworks",
					"@loader_path/Frameworks",
				);
				PRODUCT_BUNDLE_IDENTIFIER = Codepath.FlixUITests;
				PRODUCT_NAME = "$(TARGET_NAME)";
				SWIFT_VERSION = 5.0;
				TARGETED_DEVICE_FAMILY = "1,2";
				TEST_TARGET_NAME = Flix;
			};
			name = Release;
		};
/* End XCBuildConfiguration section */

/* Begin XCConfigurationList section */
		DD2941D32521DF8400128BDA /* Build configuration list for PBXProject "Flix" */ = {
			isa = XCConfigurationList;
			buildConfigurations = (
				DD2942002521DF8900128BDA /* Debug */,
				DD2942012521DF8900128BDA /* Release */,
			);
			defaultConfigurationIsVisible = 0;
			defaultConfigurationName = Release;
		};
		DD2942022521DF8900128BDA /* Build configuration list for PBXNativeTarget "Flix" */ = {
			isa = XCConfigurationList;
			buildConfigurations = (
				DD2942032521DF8900128BDA /* Debug */,
				DD2942042521DF8900128BDA /* Release */,
			);
			defaultConfigurationIsVisible = 0;
			defaultConfigurationName = Release;
		};
		DD2942052521DF8900128BDA /* Build configuration list for PBXNativeTarget "FlixTests" */ = {
			isa = XCConfigurationList;
			buildConfigurations = (
				DD2942062521DF8900128BDA /* Debug */,
				DD2942072521DF8900128BDA /* Release */,
			);
			defaultConfigurationIsVisible = 0;
			defaultConfigurationName = Release;
		};
		DD2942082521DF8900128BDA /* Build configuration list for PBXNativeTarget "FlixUITests" */ = {
			isa = XCConfigurationList;
			buildConfigurations = (
				DD2942092521DF8900128BDA /* Debug */,
				DD29420A2521DF8900128BDA /* Release */,
			);
			defaultConfigurationIsVisible = 0;
			defaultConfigurationName = Release;
		};
/* End XCConfigurationList section */
	};
	rootObject = DD2941D02521DF8400128BDA /* Project object */;
}
